
Microsoft Visual Studio Solution File, Format Version 12.00
# Visual Studio Version 16
VisualStudioVersion = 16.0.30406.217
MinimumVisualStudioVersion = 10.0.40219.1
Project("{FAE04EC0-301F-11D3-BF4B-00C04F79EFBC}") = "TailViewer", "TailViewer\TailViewer.csproj", "{AE2095B1-24C4-4F5F-AB6D-65F885BFAE73}"
EndProject
Project("{FAE04EC0-301F-11D3-BF4B-00C04F79EFBC}") = "UserAgentSelector", "UserAgentSelector\UserAgentSelector.csproj", "{5461A894-45EE-45F5-9326-9E38F632E75C}"
EndProject
Project("{FAE04EC0-301F-11D3-BF4B-00C04F79EFBC}") = "go", "go\go.csproj", "{A72D9B6D-6E00-4295-91CE-BA163B967349}"
EndProject
Project("{FAE04EC0-301F-11D3-BF4B-00C04F79EFBC}") = "excludedportrange", "excludedportrange\excludedportrange.csproj", "{8B1903B1-E3FD-4003-9D21-A4E24EBF9A79}"
EndProject
Project("{2150E333-8FDC-42A3-9474-1A3956D46DE8}") = "Binaries", "Binaries", "{8BBB6567-D34B-4E98-9C98-FB59BD81B000}"
	ProjectSection(SolutionItems) = preProject
		Binaries\excludedportrange.zip = Binaries\excludedportrange.zip
		Binaries\ucurl.zip = Binaries\ucurl.zip
	EndProjectSection
EndProject
Project("{FAE04EC0-301F-11D3-BF4B-00C04F79EFBC}") = "ucurl", "ucurl\ucurl.csproj", "{04A7C79F-DC26-4E05-AB44-2B9447F3FEA1}"
EndProject
Project("{2150E333-8FDC-42A3-9474-1A3956D46DE8}") = "Solution Items", "Solution Items", "{5999679B-41FD-43C4-A493-A22766D42463}"
	ProjectSection(SolutionItems) = preProject
		makezip.ps1 = makezip.ps1
	EndProjectSection
EndProject
Global
	GlobalSection(SolutionConfigurationPlatforms) = preSolution
		Debug|Any CPU = Debug|Any CPU
		Debug|Mixed Platforms = Debug|Mixed Platforms
		Debug|Win32 = Debug|Win32
		Release|Any CPU = Release|Any CPU
		Release|Mixed Platforms = Release|Mixed Platforms
		Release|Win32 = Release|Win32
	EndGlobalSection
	GlobalSection(ProjectConfigurationPlatforms) = postSolution
		{AE2095B1-24C4-4F5F-AB6D-65F885BFAE73}.Debug|Any CPU.ActiveCfg = Debug|Any CPU
		{AE2095B1-24C4-4F5F-AB6D-65F885BFAE73}.Debug|Any CPU.Build.0 = Debug|Any CPU
		{AE2095B1-24C4-4F5F-AB6D-65F885BFAE73}.Debug|Mixed Platforms.ActiveCfg = Debug|Any CPU
		{AE2095B1-24C4-4F5F-AB6D-65F885BFAE73}.Debug|Mixed Platforms.Build.0 = Debug|Any CPU
		{AE2095B1-24C4-4F5F-AB6D-65F885BFAE73}.Debug|Win32.ActiveCfg = Debug|Any CPU
		{AE2095B1-24C4-4F5F-AB6D-65F885BFAE73}.Release|Any CPU.ActiveCfg = Release|Any CPU
		{AE2095B1-24C4-4F5F-AB6D-65F885BFAE73}.Release|Any CPU.Build.0 = Release|Any CPU
		{AE2095B1-24C4-4F5F-AB6D-65F885BFAE73}.Release|Mixed Platforms.ActiveCfg = Release|Any CPU
		{AE2095B1-24C4-4F5F-AB6D-65F885BFAE73}.Release|Mixed Platforms.Build.0 = Release|Any CPU
		{AE2095B1-24C4-4F5F-AB6D-65F885BFAE73}.Release|Win32.ActiveCfg = Release|Any CPU
		{5461A894-45EE-45F5-9326-9E38F632E75C}.Debug|Any CPU.ActiveCfg = Debug|Any CPU
		{5461A894-45EE-45F5-9326-9E38F632E75C}.Debug|Any CPU.Build.0 = Debug|Any CPU
		{5461A894-45EE-45F5-9326-9E38F632E75C}.Debug|Mixed Platforms.ActiveCfg = Debug|Any CPU
		{5461A894-45EE-45F5-9326-9E38F632E75C}.Debug|Mixed Platforms.Build.0 = Debug|Any CPU
		{5461A894-45EE-45F5-9326-9E38F632E75C}.Debug|Win32.ActiveCfg = Debug|Any CPU
		{5461A894-45EE-45F5-9326-9E38F632E75C}.Release|Any CPU.ActiveCfg = Release|Any CPU
		{5461A894-45EE-45F5-9326-9E38F632E75C}.Release|Any CPU.Build.0 = Release|Any CPU
		{5461A894-45EE-45F5-9326-9E38F632E75C}.Release|Mixed Platforms.ActiveCfg = Release|Any CPU
		{5461A894-45EE-45F5-9326-9E38F632E75C}.Release|Mixed Platforms.Build.0 = Release|Any CPU
		{5461A894-45EE-45F5-9326-9E38F632E75C}.Release|Win32.ActiveCfg = Release|Any CPU
		{A72D9B6D-6E00-4295-91CE-BA163B967349}.Debug|Any CPU.ActiveCfg = Debug|Any CPU
		{A72D9B6D-6E00-4295-91CE-BA163B967349}.Debug|Any CPU.Build.0 = Debug|Any CPU
		{A72D9B6D-6E00-4295-91CE-BA163B967349}.Debug|Mixed Platforms.ActiveCfg = Debug|Any CPU
		{A72D9B6D-6E00-4295-91CE-BA163B967349}.Debug|Mixed Platforms.Build.0 = Debug|Any CPU
		{A72D9B6D-6E00-4295-91CE-BA163B967349}.Debug|Win32.ActiveCfg = Debug|Any CPU
		{A72D9B6D-6E00-4295-91CE-BA163B967349}.Release|Any CPU.ActiveCfg = Release|Any CPU
		{A72D9B6D-6E00-4295-91CE-BA163B967349}.Release|Any CPU.Build.0 = Release|Any CPU
		{A72D9B6D-6E00-4295-91CE-BA163B967349}.Release|Mixed Platforms.ActiveCfg = Release|Any CPU
		{A72D9B6D-6E00-4295-91CE-BA163B967349}.Release|Mixed Platforms.Build.0 = Release|Any CPU
		{A72D9B6D-6E00-4295-91CE-BA163B967349}.Release|Win32.ActiveCfg = Release|Any CPU
		{8B1903B1-E3FD-4003-9D21-A4E24EBF9A79}.Debug|Any CPU.ActiveCfg = Debug|Any CPU
		{8B1903B1-E3FD-4003-9D21-A4E24EBF9A79}.Debug|Any CPU.Build.0 = Debug|Any CPU
		{8B1903B1-E3FD-4003-9D21-A4E24EBF9A79}.Debug|Mixed Platforms.ActiveCfg = Debug|Any CPU
		{8B1903B1-E3FD-4003-9D21-A4E24EBF9A79}.Debug|Mixed Platforms.Build.0 = Debug|Any CPU
		{8B1903B1-E3FD-4003-9D21-A4E24EBF9A79}.Debug|Win32.ActiveCfg = Debug|Any CPU
		{8B1903B1-E3FD-4003-9D21-A4E24EBF9A79}.Debug|Win32.Build.0 = Debug|Any CPU
		{8B1903B1-E3FD-4003-9D21-A4E24EBF9A79}.Release|Any CPU.ActiveCfg = Release|Any CPU
		{8B1903B1-E3FD-4003-9D21-A4E24EBF9A79}.Release|Any CPU.Build.0 = Release|Any CPU
		{8B1903B1-E3FD-4003-9D21-A4E24EBF9A79}.Release|Mixed Platforms.ActiveCfg = Release|Any CPU
		{8B1903B1-E3FD-4003-9D21-A4E24EBF9A79}.Release|Mixed Platforms.Build.0 = Release|Any CPU
		{8B1903B1-E3FD-4003-9D21-A4E24EBF9A79}.Release|Win32.ActiveCfg = Release|Any CPU
		{8B1903B1-E3FD-4003-9D21-A4E24EBF9A79}.Release|Win32.Build.0 = Release|Any CPU
		{04A7C79F-DC26-4E05-AB44-2B9447F3FEA1}.Debug|Any CPU.ActiveCfg = Debug|Any CPU
		{04A7C79F-DC26-4E05-AB44-2B9447F3FEA1}.Debug|Any CPU.Build.0 = Debug|Any CPU
		{04A7C79F-DC26-4E05-AB44-2B9447F3FEA1}.Debug|Mixed Platforms.ActiveCfg = Debug|Any CPU
		{04A7C79F-DC26-4E05-AB44-2B9447F3FEA1}.Debug|Mixed Platforms.Build.0 = Debug|Any CPU
		{04A7C79F-DC26-4E05-AB44-2B9447F3FEA1}.Debug|Win32.ActiveCfg = Debug|Any CPU
		{04A7C79F-DC26-4E05-AB44-2B9447F3FEA1}.Debug|Win32.Build.0 = Debug|Any CPU
		{04A7C79F-DC26-4E05-AB44-2B9447F3FEA1}.Release|Any CPU.ActiveCfg = Release|Any CPU
		{04A7C79F-DC26-4E05-AB44-2B9447F3FEA1}.Release|Any CPU.Build.0 = Release|Any CPU
		{04A7C79F-DC26-4E05-AB44-2B9447F3FEA1}.Release|Mixed Platforms.ActiveCfg = Release|Any CPU
		{04A7C79F-DC26-4E05-AB44-2B9447F3FEA1}.Release|Mixed Platforms.Build.0 = Release|Any CPU
		{04A7C79F-DC26-4E05-AB44-2B9447F3FEA1}.Release|Win32.ActiveCfg = Release|Any CPU
		{04A7C79F-DC26-4E05-AB44-2B9447F3FEA1}.Release|Win32.Build.0 = Release|Any CPU
	EndGlobalSection
	GlobalSection(SolutionProperties) = preSolution
		HideSolutionNode = FALSE
	EndGlobalSection
	GlobalSection(ExtensibilityGlobals) = postSolution
		SolutionGuid = {03B07C16-EE00-4381-A62C-9D6615763D8E}
	EndGlobalSection
EndGlobal
