
Microsoft Visual Studio Solution File, Format Version 12.00
# Visual Studio Version 16
VisualStudioVersion = 16.0.30406.217
MinimumVisualStudioVersion = 10.0.40219.1
Project("{FAE04EC0-301F-11D3-BF4B-00C04F79EFBC}") = "TailViewer", "TailViewer\TailViewer.csproj", "{AE2095B1-24C4-4F5F-AB6D-65F885BFAE73}"
EndProject
Project("{FAE04EC0-301F-11D3-BF4B-00C04F79EFBC}") = "UserAgentSelector", "UserAgentSelector\UserAgentSelector.csproj", "{5461A894-45EE-45F5-9326-9E38F632E75C}"
EndProject
Project("{FAE04EC0-301F-11D3-BF4B-00C04F79EFBC}") = "go", "go\go.csproj", "{A72D9B6D-6E00-4295-91CE-BA163B967349}"
EndProject
Project("{FAE04EC0-301F-11D3-BF4B-00C04F79EFBC}") = "excludedportrange", "excludedportrange\excludedportrange.csproj", "{8B1903B1-E3FD-4003-9D21-A4E24EBF9A79}"
EndProject
Project("{FAE04EC0-301F-11D3-BF4B-00C04F79EFBC}") = "ucurl", "ucurl\ucurl.csproj", "{04A7C79F-DC26-4E05-AB44-2B9447F3FEA1}"
EndProject
Project("{2150E333-8FDC-42A3-9474-1A3956D46DE8}") = "Solution Items", "Solution Items", "{5999679B-41FD-43C4-A493-A22766D42463}"
	ProjectSection(SolutionItems) = preProject
		.gitignore = .gitignore
		azure-pipelines.yml = azure-pipelines.yml
		CHANGELOG.md = CHANGELOG.md
		LICENSE.txt = LICENSE.txt
		makezip.ps1 = makezip.ps1
		README.md = README.md
		SeongTaeJeong.snk.gpg = SeongTaeJeong.snk.gpg
	EndProjectSection
EndProject
Project("{FAE04EC0-301F-11D3-BF4B-00C04F79EFBC}") = "netcat", "netcat\netcat.csproj", "{224BF940-55DD-4FB5-B606-7E4926B36EBE}"
EndProject
Project("{FAE04EC0-301F-11D3-BF4B-00C04F79EFBC}") = "wol", "wol\wol.csproj", "{B31EF08E-5A9E-4824-AF04-59067EB53DCD}"
EndProject
Project("{FAE04EC0-301F-11D3-BF4B-00C04F79EFBC}") = "delunused", "delunused\delunused.csproj", "{0D4E69C0-9A70-4033-85F2-6032F8E1FFE2}"
EndProject
Project("{FAE04EC0-301F-11D3-BF4B-00C04F79EFBC}") = "ipscan", "ipscan\ipscan.csproj", "{5F084BA0-F68F-4413-A3AD-78D8112FDED0}"
EndProject
Project("{FAE04EC0-301F-11D3-BF4B-00C04F79EFBC}") = "hexcode", "hexcode\hexcode.csproj", "{4ACE0BD1-09C5-4783-A4BD-A9B8C77749E2}"
EndProject
Project("{FAE04EC0-301F-11D3-BF4B-00C04F79EFBC}") = "pptfont", "pptfont\pptfont.csproj", "{76A0FF32-A33F-46B3-9297-906C6A0741E4}"
EndProject
Global
	GlobalSection(SolutionConfigurationPlatforms) = preSolution
		Debug|Any CPU = Debug|Any CPU
		Debug|Mixed Platforms = Debug|Mixed Platforms
		Debug|Win32 = Debug|Win32
		Release|Any CPU = Release|Any CPU
		Release|Mixed Platforms = Release|Mixed Platforms
		Release|Win32 = Release|Win32
	EndGlobalSection
	GlobalSection(ProjectConfigurationPlatforms) = postSolution
		{AE2095B1-24C4-4F5F-AB6D-65F885BFAE73}.Debug|Any CPU.ActiveCfg = Debug|Any CPU
		{AE2095B1-24C4-4F5F-AB6D-65F885BFAE73}.Debug|Any CPU.Build.0 = Debug|Any CPU
		{AE2095B1-24C4-4F5F-AB6D-65F885BFAE73}.Debug|Mixed Platforms.ActiveCfg = Debug|Any CPU
		{AE2095B1-24C4-4F5F-AB6D-65F885BFAE73}.Debug|Mixed Platforms.Build.0 = Debug|Any CPU
		{AE2095B1-24C4-4F5F-AB6D-65F885BFAE73}.Debug|Win32.ActiveCfg = Debug|Any CPU
		{AE2095B1-24C4-4F5F-AB6D-65F885BFAE73}.Release|Any CPU.ActiveCfg = Release|Any CPU
		{AE2095B1-24C4-4F5F-AB6D-65F885BFAE73}.Release|Any CPU.Build.0 = Release|Any CPU
		{AE2095B1-24C4-4F5F-AB6D-65F885BFAE73}.Release|Mixed Platforms.ActiveCfg = Release|Any CPU
		{AE2095B1-24C4-4F5F-AB6D-65F885BFAE73}.Release|Mixed Platforms.Build.0 = Release|Any CPU
		{AE2095B1-24C4-4F5F-AB6D-65F885BFAE73}.Release|Win32.ActiveCfg = Release|Any CPU
		{5461A894-45EE-45F5-9326-9E38F632E75C}.Debug|Any CPU.ActiveCfg = Debug|Any CPU
		{5461A894-45EE-45F5-9326-9E38F632E75C}.Debug|Any CPU.Build.0 = Debug|Any CPU
		{5461A894-45EE-45F5-9326-9E38F632E75C}.Debug|Mixed Platforms.ActiveCfg = Debug|Any CPU
		{5461A894-45EE-45F5-9326-9E38F632E75C}.Debug|Mixed Platforms.Build.0 = Debug|Any CPU
		{5461A894-45EE-45F5-9326-9E38F632E75C}.Debug|Win32.ActiveCfg = Debug|Any CPU
		{5461A894-45EE-45F5-9326-9E38F632E75C}.Release|Any CPU.ActiveCfg = Release|Any CPU
		{5461A894-45EE-45F5-9326-9E38F632E75C}.Release|Any CPU.Build.0 = Release|Any CPU
		{5461A894-45EE-45F5-9326-9E38F632E75C}.Release|Mixed Platforms.ActiveCfg = Release|Any CPU
		{5461A894-45EE-45F5-9326-9E38F632E75C}.Release|Mixed Platforms.Build.0 = Release|Any CPU
		{5461A894-45EE-45F5-9326-9E38F632E75C}.Release|Win32.ActiveCfg = Release|Any CPU
		{A72D9B6D-6E00-4295-91CE-BA163B967349}.Debug|Any CPU.ActiveCfg = Debug|Any CPU
		{A72D9B6D-6E00-4295-91CE-BA163B967349}.Debug|Any CPU.Build.0 = Debug|Any CPU
		{A72D9B6D-6E00-4295-91CE-BA163B967349}.Debug|Mixed Platforms.ActiveCfg = Debug|Any CPU
		{A72D9B6D-6E00-4295-91CE-BA163B967349}.Debug|Mixed Platforms.Build.0 = Debug|Any CPU
		{A72D9B6D-6E00-4295-91CE-BA163B967349}.Debug|Win32.ActiveCfg = Debug|Any CPU
		{A72D9B6D-6E00-4295-91CE-BA163B967349}.Release|Any CPU.ActiveCfg = Release|Any CPU
		{A72D9B6D-6E00-4295-91CE-BA163B967349}.Release|Any CPU.Build.0 = Release|Any CPU
		{A72D9B6D-6E00-4295-91CE-BA163B967349}.Release|Mixed Platforms.ActiveCfg = Release|Any CPU
		{A72D9B6D-6E00-4295-91CE-BA163B967349}.Release|Mixed Platforms.Build.0 = Release|Any CPU
		{A72D9B6D-6E00-4295-91CE-BA163B967349}.Release|Win32.ActiveCfg = Release|Any CPU
		{8B1903B1-E3FD-4003-9D21-A4E24EBF9A79}.Debug|Any CPU.ActiveCfg = Debug|Any CPU
		{8B1903B1-E3FD-4003-9D21-A4E24EBF9A79}.Debug|Any CPU.Build.0 = Debug|Any CPU
		{8B1903B1-E3FD-4003-9D21-A4E24EBF9A79}.Debug|Mixed Platforms.ActiveCfg = Debug|Any CPU
		{8B1903B1-E3FD-4003-9D21-A4E24EBF9A79}.Debug|Mixed Platforms.Build.0 = Debug|Any CPU
		{8B1903B1-E3FD-4003-9D21-A4E24EBF9A79}.Debug|Win32.ActiveCfg = Debug|Any CPU
		{8B1903B1-E3FD-4003-9D21-A4E24EBF9A79}.Debug|Win32.Build.0 = Debug|Any CPU
		{8B1903B1-E3FD-4003-9D21-A4E24EBF9A79}.Release|Any CPU.ActiveCfg = Release|Any CPU
		{8B1903B1-E3FD-4003-9D21-A4E24EBF9A79}.Release|Any CPU.Build.0 = Release|Any CPU
		{8B1903B1-E3FD-4003-9D21-A4E24EBF9A79}.Release|Mixed Platforms.ActiveCfg = Release|Any CPU
		{8B1903B1-E3FD-4003-9D21-A4E24EBF9A79}.Release|Mixed Platforms.Build.0 = Release|Any CPU
		{8B1903B1-E3FD-4003-9D21-A4E24EBF9A79}.Release|Win32.ActiveCfg = Release|Any CPU
		{8B1903B1-E3FD-4003-9D21-A4E24EBF9A79}.Release|Win32.Build.0 = Release|Any CPU
		{04A7C79F-DC26-4E05-AB44-2B9447F3FEA1}.Debug|Any CPU.ActiveCfg = Debug|Any CPU
		{04A7C79F-DC26-4E05-AB44-2B9447F3FEA1}.Debug|Any CPU.Build.0 = Debug|Any CPU
		{04A7C79F-DC26-4E05-AB44-2B9447F3FEA1}.Debug|Mixed Platforms.ActiveCfg = Debug|Any CPU
		{04A7C79F-DC26-4E05-AB44-2B9447F3FEA1}.Debug|Mixed Platforms.Build.0 = Debug|Any CPU
		{04A7C79F-DC26-4E05-AB44-2B9447F3FEA1}.Debug|Win32.ActiveCfg = Debug|Any CPU
		{04A7C79F-DC26-4E05-AB44-2B9447F3FEA1}.Debug|Win32.Build.0 = Debug|Any CPU
		{04A7C79F-DC26-4E05-AB44-2B9447F3FEA1}.Release|Any CPU.ActiveCfg = Release|Any CPU
		{04A7C79F-DC26-4E05-AB44-2B9447F3FEA1}.Release|Any CPU.Build.0 = Release|Any CPU
		{04A7C79F-DC26-4E05-AB44-2B9447F3FEA1}.Release|Mixed Platforms.ActiveCfg = Release|Any CPU
		{04A7C79F-DC26-4E05-AB44-2B9447F3FEA1}.Release|Mixed Platforms.Build.0 = Release|Any CPU
		{04A7C79F-DC26-4E05-AB44-2B9447F3FEA1}.Release|Win32.ActiveCfg = Release|Any CPU
		{04A7C79F-DC26-4E05-AB44-2B9447F3FEA1}.Release|Win32.Build.0 = Release|Any CPU
		{224BF940-55DD-4FB5-B606-7E4926B36EBE}.Debug|Any CPU.ActiveCfg = Debug|Any CPU
		{224BF940-55DD-4FB5-B606-7E4926B36EBE}.Debug|Any CPU.Build.0 = Debug|Any CPU
		{224BF940-55DD-4FB5-B606-7E4926B36EBE}.Debug|Mixed Platforms.ActiveCfg = Debug|Any CPU
		{224BF940-55DD-4FB5-B606-7E4926B36EBE}.Debug|Mixed Platforms.Build.0 = Debug|Any CPU
		{224BF940-55DD-4FB5-B606-7E4926B36EBE}.Debug|Win32.ActiveCfg = Debug|Any CPU
		{224BF940-55DD-4FB5-B606-7E4926B36EBE}.Debug|Win32.Build.0 = Debug|Any CPU
		{224BF940-55DD-4FB5-B606-7E4926B36EBE}.Release|Any CPU.ActiveCfg = Release|Any CPU
		{224BF940-55DD-4FB5-B606-7E4926B36EBE}.Release|Any CPU.Build.0 = Release|Any CPU
		{224BF940-55DD-4FB5-B606-7E4926B36EBE}.Release|Mixed Platforms.ActiveCfg = Release|Any CPU
		{224BF940-55DD-4FB5-B606-7E4926B36EBE}.Release|Mixed Platforms.Build.0 = Release|Any CPU
		{224BF940-55DD-4FB5-B606-7E4926B36EBE}.Release|Win32.ActiveCfg = Release|Any CPU
		{224BF940-55DD-4FB5-B606-7E4926B36EBE}.Release|Win32.Build.0 = Release|Any CPU
		{B31EF08E-5A9E-4824-AF04-59067EB53DCD}.Debug|Any CPU.ActiveCfg = Debug|Any CPU
		{B31EF08E-5A9E-4824-AF04-59067EB53DCD}.Debug|Any CPU.Build.0 = Debug|Any CPU
		{B31EF08E-5A9E-4824-AF04-59067EB53DCD}.Debug|Mixed Platforms.ActiveCfg = Debug|Any CPU
		{B31EF08E-5A9E-4824-AF04-59067EB53DCD}.Debug|Mixed Platforms.Build.0 = Debug|Any CPU
		{B31EF08E-5A9E-4824-AF04-59067EB53DCD}.Debug|Win32.ActiveCfg = Debug|Any CPU
		{B31EF08E-5A9E-4824-AF04-59067EB53DCD}.Debug|Win32.Build.0 = Debug|Any CPU
		{B31EF08E-5A9E-4824-AF04-59067EB53DCD}.Release|Any CPU.ActiveCfg = Release|Any CPU
		{B31EF08E-5A9E-4824-AF04-59067EB53DCD}.Release|Any CPU.Build.0 = Release|Any CPU
		{B31EF08E-5A9E-4824-AF04-59067EB53DCD}.Release|Mixed Platforms.ActiveCfg = Release|Any CPU
		{B31EF08E-5A9E-4824-AF04-59067EB53DCD}.Release|Mixed Platforms.Build.0 = Release|Any CPU
		{B31EF08E-5A9E-4824-AF04-59067EB53DCD}.Release|Win32.ActiveCfg = Release|Any CPU
		{B31EF08E-5A9E-4824-AF04-59067EB53DCD}.Release|Win32.Build.0 = Release|Any CPU
		{0D4E69C0-9A70-4033-85F2-6032F8E1FFE2}.Debug|Any CPU.ActiveCfg = Debug|Any CPU
		{0D4E69C0-9A70-4033-85F2-6032F8E1FFE2}.Debug|Any CPU.Build.0 = Debug|Any CPU
		{0D4E69C0-9A70-4033-85F2-6032F8E1FFE2}.Debug|Mixed Platforms.ActiveCfg = Debug|Any CPU
		{0D4E69C0-9A70-4033-85F2-6032F8E1FFE2}.Debug|Mixed Platforms.Build.0 = Debug|Any CPU
		{0D4E69C0-9A70-4033-85F2-6032F8E1FFE2}.Debug|Win32.ActiveCfg = Debug|Any CPU
		{0D4E69C0-9A70-4033-85F2-6032F8E1FFE2}.Debug|Win32.Build.0 = Debug|Any CPU
		{0D4E69C0-9A70-4033-85F2-6032F8E1FFE2}.Release|Any CPU.ActiveCfg = Release|Any CPU
		{0D4E69C0-9A70-4033-85F2-6032F8E1FFE2}.Release|Any CPU.Build.0 = Release|Any CPU
		{0D4E69C0-9A70-4033-85F2-6032F8E1FFE2}.Release|Mixed Platforms.ActiveCfg = Release|Any CPU
		{0D4E69C0-9A70-4033-85F2-6032F8E1FFE2}.Release|Mixed Platforms.Build.0 = Release|Any CPU
		{0D4E69C0-9A70-4033-85F2-6032F8E1FFE2}.Release|Win32.ActiveCfg = Release|Any CPU
		{0D4E69C0-9A70-4033-85F2-6032F8E1FFE2}.Release|Win32.Build.0 = Release|Any CPU
		{5F084BA0-F68F-4413-A3AD-78D8112FDED0}.Debug|Any CPU.ActiveCfg = Debug|Any CPU
		{5F084BA0-F68F-4413-A3AD-78D8112FDED0}.Debug|Any CPU.Build.0 = Debug|Any CPU
		{5F084BA0-F68F-4413-A3AD-78D8112FDED0}.Debug|Mixed Platforms.ActiveCfg = Debug|Any CPU
		{5F084BA0-F68F-4413-A3AD-78D8112FDED0}.Debug|Mixed Platforms.Build.0 = Debug|Any CPU
		{5F084BA0-F68F-4413-A3AD-78D8112FDED0}.Debug|Win32.ActiveCfg = Debug|Any CPU
		{5F084BA0-F68F-4413-A3AD-78D8112FDED0}.Debug|Win32.Build.0 = Debug|Any CPU
		{5F084BA0-F68F-4413-A3AD-78D8112FDED0}.Release|Any CPU.ActiveCfg = Release|Any CPU
		{5F084BA0-F68F-4413-A3AD-78D8112FDED0}.Release|Any CPU.Build.0 = Release|Any CPU
		{5F084BA0-F68F-4413-A3AD-78D8112FDED0}.Release|Mixed Platforms.ActiveCfg = Release|Any CPU
		{5F084BA0-F68F-4413-A3AD-78D8112FDED0}.Release|Mixed Platforms.Build.0 = Release|Any CPU
		{5F084BA0-F68F-4413-A3AD-78D8112FDED0}.Release|Win32.ActiveCfg = Release|Any CPU
		{5F084BA0-F68F-4413-A3AD-78D8112FDED0}.Release|Win32.Build.0 = Release|Any CPU
		{4ACE0BD1-09C5-4783-A4BD-A9B8C77749E2}.Debug|Any CPU.ActiveCfg = Debug|Any CPU
		{4ACE0BD1-09C5-4783-A4BD-A9B8C77749E2}.Debug|Any CPU.Build.0 = Debug|Any CPU
		{4ACE0BD1-09C5-4783-A4BD-A9B8C77749E2}.Debug|Mixed Platforms.ActiveCfg = Debug|Any CPU
		{4ACE0BD1-09C5-4783-A4BD-A9B8C77749E2}.Debug|Mixed Platforms.Build.0 = Debug|Any CPU
		{4ACE0BD1-09C5-4783-A4BD-A9B8C77749E2}.Debug|Win32.ActiveCfg = Debug|Any CPU
		{4ACE0BD1-09C5-4783-A4BD-A9B8C77749E2}.Debug|Win32.Build.0 = Debug|Any CPU
		{4ACE0BD1-09C5-4783-A4BD-A9B8C77749E2}.Release|Any CPU.ActiveCfg = Release|Any CPU
		{4ACE0BD1-09C5-4783-A4BD-A9B8C77749E2}.Release|Any CPU.Build.0 = Release|Any CPU
		{4ACE0BD1-09C5-4783-A4BD-A9B8C77749E2}.Release|Mixed Platforms.ActiveCfg = Release|Any CPU
		{4ACE0BD1-09C5-4783-A4BD-A9B8C77749E2}.Release|Mixed Platforms.Build.0 = Release|Any CPU
		{4ACE0BD1-09C5-4783-A4BD-A9B8C77749E2}.Release|Win32.ActiveCfg = Release|Any CPU
		{4ACE0BD1-09C5-4783-A4BD-A9B8C77749E2}.Release|Win32.Build.0 = Release|Any CPU
		{76A0FF32-A33F-46B3-9297-906C6A0741E4}.Debug|Any CPU.ActiveCfg = Debug|Any CPU
		{76A0FF32-A33F-46B3-9297-906C6A0741E4}.Debug|Any CPU.Build.0 = Debug|Any CPU
		{76A0FF32-A33F-46B3-9297-906C6A0741E4}.Debug|Mixed Platforms.ActiveCfg = Debug|Any CPU
		{76A0FF32-A33F-46B3-9297-906C6A0741E4}.Debug|Mixed Platforms.Build.0 = Debug|Any CPU
		{76A0FF32-A33F-46B3-9297-906C6A0741E4}.Debug|Win32.ActiveCfg = Debug|Any CPU
		{76A0FF32-A33F-46B3-9297-906C6A0741E4}.Debug|Win32.Build.0 = Debug|Any CPU
		{76A0FF32-A33F-46B3-9297-906C6A0741E4}.Release|Any CPU.ActiveCfg = Release|Any CPU
		{76A0FF32-A33F-46B3-9297-906C6A0741E4}.Release|Any CPU.Build.0 = Release|Any CPU
		{76A0FF32-A33F-46B3-9297-906C6A0741E4}.Release|Mixed Platforms.ActiveCfg = Release|Any CPU
		{76A0FF32-A33F-46B3-9297-906C6A0741E4}.Release|Mixed Platforms.Build.0 = Release|Any CPU
		{76A0FF32-A33F-46B3-9297-906C6A0741E4}.Release|Win32.ActiveCfg = Release|Any CPU
		{76A0FF32-A33F-46B3-9297-906C6A0741E4}.Release|Win32.Build.0 = Release|Any CPU
	EndGlobalSection
	GlobalSection(SolutionProperties) = preSolution
		HideSolutionNode = FALSE
	EndGlobalSection
	GlobalSection(ExtensibilityGlobals) = postSolution
		SolutionGuid = {03B07C16-EE00-4381-A62C-9D6615763D8E}
	EndGlobalSection
EndGlobal
